# DO NOT EDIT MANUALLY - Managed by Fern Replay
version: "1.0"
generations:
  - commit_sha: d868e7e4970f2b0ac9f292327b93d0f558d139a5
    tree_hash: 56111f3f9c4afcd87ee5652b54b949a8a75e7d00
    timestamp: 2026-09-10T18:10:50.095Z
    cli_version: unknown
    generator_versions: {}
current_generation: d868e7e4970f2b0ac9f292327b93d0f558d139a5
patches: []
