# DO NOT EDIT MANUALLY - Managed by Fern Replay
version: "1.0"
generations:
  - commit_sha: d868e7e4970f2b0ac9f292327b93d0f558d139a5
    tree_hash: 56111f3f9c4afcd87ee5652b54b949a8a75e7d00
    timestamp: 2026-09-10T18:10:50.095Z
    cli_version: unknown
    generator_versions: {}
  - commit_sha: 736f29e28b5b05019a7eb86466baffa52dc4df83
    tree_hash: 1442040958bd032218612776e115a5c73a1a0b10
    timestamp: 2026-09-10T18:10:50.476Z
    cli_version: unknown
    generator_versions:
      fernapi/fern-csharp-sdk: 2.83.2
  - commit_sha: d7fb6e3985802b673dfec8bc2d321c2b17d1247a
    tree_hash: d2c55150d90dd05ad14fadc29d7092a275dc9630
    timestamp: 2026-09-14T15:45:21.549Z
    cli_version: unknown
    generator_versions:
      fernapi/fern-csharp-sdk: 2.83.2
current_generation: d7fb6e3985802b673dfec8bc2d321c2b17d1247a
patches: []
